
Microsoft Visual Studio Solution File, Format Version 12.00
# Visual Studio Version 16
VisualStudioVersion = 16.0.29728.190
MinimumVisualStudioVersion = 10.0.40219.1
Project("{8BC9CEB8-8B4A-11D0-8D11-00A0C91BC942}") = "DirectX11Sample", "DirectX11Sample\DirectX11Sample.vcxproj", "{55344B6B-CFBD-4724-A2BC-ED4F47CCB49C}"
EndProject
Global
	GlobalSection(SolutionConfigurationPlatforms) = preSolution
		Debug|x64 = Debug|x64
		Debug|x86 = Debug|x86
		Release|x64 = Release|x64
		Release|x86 = Release|x86
	EndGlobalSection
	GlobalSection(ProjectConfigurationPlatforms) = postSolution
		{55344B6B-CFBD-4724-A2BC-ED4F47CCB49C}.Debug|x64.ActiveCfg = Debug|x64
		{55344B6B-CFBD-4724-A2BC-ED4F47CCB49C}.Debug|x64.Build.0 = Debug|x64
		{55344B6B-CFBD-4724-A2BC-ED4F47CCB49C}.Debug|x86.ActiveCfg = Debug|Win32
		{55344B6B-CFBD-4724-A2BC-ED4F47CCB49C}.Debug|x86.Build.0 = Debug|Win32
		{55344B6B-CFBD-4724-A2BC-ED4F47CCB49C}.Release|x64.ActiveCfg = Release|x64
		{55344B6B-CFBD-4724-A2BC-ED4F47CCB49C}.Release|x64.Build.0 = Release|x64
		{55344B6B-CFBD-4724-A2BC-ED4F47CCB49C}.Release|x86.ActiveCfg = Release|Win32
		{55344B6B-CFBD-4724-A2BC-ED4F47CCB49C}.Release|x86.Build.0 = Release|Win32
	EndGlobalSection
	GlobalSection(SolutionProperties) = preSolution
		HideSolutionNode = FALSE
	EndGlobalSection
	GlobalSection(ExtensibilityGlobals) = postSolution
		SolutionGuid = {1A5ABBFD-A880-4F4C-AD8B-3F7D346DC946}
	EndGlobalSection
EndGlobal
